PODS:
  - bonsoir_darwin (0.0.1):
    - Flutter
    - FlutterMacOS
  - Flutter (1.0.0)
  - flutter_dynamic_icon_plus (1.0.0):
    - Flutter
    - SwiftTryCatch
  - open_filex (0.0.2):
    - Flutter
  - SwiftTryCatch (1.0.0)

DEPENDENCIES:
  - bonsoir_darwin (from `.symlinks/plugins/bonsoir_darwin/darwin`)
  - Flutter (from `Flutter`)
  - flutter_dynamic_icon_plus (from `.symlinks/plugins/flutter_dynamic_icon_plus/ios`)
  - open_filex (from `.symlinks/plugins/open_filex/ios`)
  - SwiftTryCatch (from `https://github.com/williamFalcon/SwiftTryCatch.git`)

EXTERNAL SOURCES:
  bonsoir_darwin:
    :path: ".symlinks/plugins/bonsoir_darwin/darwin"
  Flutter:
    :path: Flutter
  flutter_dynamic_icon_plus:
    :path: ".symlinks/plugins/flutter_dynamic_icon_plus/ios"
  open_filex:
    :path: ".symlinks/plugins/open_filex/ios"
  SwiftTryCatch:
    :git: https://github.com/williamFalcon/SwiftTryCatch.git

CHECKOUT OPTIONS:
  SwiftTryCatch:
    :commit: b71cceb82ebc64093556e5303c8f94adda48a7e7
    :git: https://github.com/williamFalcon/SwiftTryCatch.git

SPEC CHECKSUMS:
  bonsoir_darwin: 29c7ccf356646118844721f36e1de4b61f6cbd0e
  Flutter: 71a624a5bc0c04062bf19101d501e466baf2fb47
  flutter_dynamic_icon_plus: 3ddd12bc2316b98ffdd4048e9cdd3cf51e02095d
  open_filex: 432f3cd11432da3e39f47fcc0df2b1603854eff1
  SwiftTryCatch: 778ec7251f490ecbdc595ba32e245e5fcb8ea5f6

PODFILE CHECKSUM: e4f4b198592bc838d21f2cc2d9fbaad009664870

COCOAPODS: 1.16.2
